
Microsoft Visual Studio Solution File, Format Version 12.00
# Visual Studio Version 17
VisualStudioVersion = 17.7.34031.279
MinimumVisualStudioVersion = 10.0.40219.1
Project("{FAE04EC0-301F-11D3-BF4B-00C04F79EFBC}") = "Lab2(1)", "Lab2(1)\Lab2(1).csproj", "{DD723B89-C018-4C46-9303-544215CAF9FF}"
EndProject
Global
	GlobalSection(SolutionConfigurationPlatforms) = preSolution
		Debug|Any CPU = Debug|Any CPU
		Release|Any CPU = Release|Any CPU
	EndGlobalSection
	GlobalSection(ProjectConfigurationPlatforms) = postSolution
		{DD723B89-C018-4C46-9303-544215CAF9FF}.Debug|Any CPU.ActiveCfg = Debug|Any CPU
		{DD723B89-C018-4C46-9303-544215CAF9FF}.Debug|Any CPU.Build.0 = Debug|Any CPU
		{DD723B89-C018-4C46-9303-544215CAF9FF}.Release|Any CPU.ActiveCfg = Release|Any CPU
		{DD723B89-C018-4C46-9303-544215CAF9FF}.Release|Any CPU.Build.0 = Release|Any CPU
	EndGlobalSection
	GlobalSection(SolutionProperties) = preSolution
		HideSolutionNode = FALSE
	EndGlobalSection
	GlobalSection(ExtensibilityGlobals) = postSolution
		SolutionGuid = {F24BAC77-0BFF-40F6-B12D-9EBEAADDCBD5}
	EndGlobalSection
EndGlobal
