
Microsoft Visual Studio Solution File, Format Version 12.00
# Visual Studio Version 17
VisualStudioVersion = 17.7.34031.279
MinimumVisualStudioVersion = 10.0.40219.1
Project("{FAE04EC0-301F-11D3-BF4B-00C04F79EFBC}") = "ConsoleApp3", "ConsoleApp3\ConsoleApp3.csproj", "{032A2473-E48E-4E94-9128-FACA11885582}"
EndProject
Global
	GlobalSection(SolutionConfigurationPlatforms) = preSolution
		Debug|Any CPU = Debug|Any CPU
		Release|Any CPU = Release|Any CPU
	EndGlobalSection
	GlobalSection(ProjectConfigurationPlatforms) = postSolution
		{032A2473-E48E-4E94-9128-FACA11885582}.Debug|Any CPU.ActiveCfg = Debug|Any CPU
		{032A2473-E48E-4E94-9128-FACA11885582}.Debug|Any CPU.Build.0 = Debug|Any CPU
		{032A2473-E48E-4E94-9128-FACA11885582}.Release|Any CPU.ActiveCfg = Release|Any CPU
		{032A2473-E48E-4E94-9128-FACA11885582}.Release|Any CPU.Build.0 = Release|Any CPU
	EndGlobalSection
	GlobalSection(SolutionProperties) = preSolution
		HideSolutionNode = FALSE
	EndGlobalSection
	GlobalSection(ExtensibilityGlobals) = postSolution
		SolutionGuid = {96D1072B-79C8-47C5-AFE1-045286B8B322}
	EndGlobalSection
EndGlobal
