
Microsoft Visual Studio Solution File, Format Version 12.00
# Visual Studio Version 17
VisualStudioVersion = 17.7.34031.279
MinimumVisualStudioVersion = 10.0.40219.1
Project("{FAE04EC0-301F-11D3-BF4B-00C04F79EFBC}") = "Lab1(1)", "Lab1(1)\Lab1(1).csproj", "{EF61FAB4-D04B-403D-BFB0-D49F03A82826}"
EndProject
Global
	GlobalSection(SolutionConfigurationPlatforms) = preSolution
		Debug|Any CPU = Debug|Any CPU
		Release|Any CPU = Release|Any CPU
	EndGlobalSection
	GlobalSection(ProjectConfigurationPlatforms) = postSolution
		{EF61FAB4-D04B-403D-BFB0-D49F03A82826}.Debug|Any CPU.ActiveCfg = Debug|Any CPU
		{EF61FAB4-D04B-403D-BFB0-D49F03A82826}.Debug|Any CPU.Build.0 = Debug|Any CPU
		{EF61FAB4-D04B-403D-BFB0-D49F03A82826}.Release|Any CPU.ActiveCfg = Release|Any CPU
		{EF61FAB4-D04B-403D-BFB0-D49F03A82826}.Release|Any CPU.Build.0 = Release|Any CPU
	EndGlobalSection
	GlobalSection(SolutionProperties) = preSolution
		HideSolutionNode = FALSE
	EndGlobalSection
	GlobalSection(ExtensibilityGlobals) = postSolution
		SolutionGuid = {62E14DAC-8109-4DDC-BAA5-4ADDD8FAB639}
	EndGlobalSection
EndGlobal
