
Microsoft Visual Studio Solution File, Format Version 12.00
# Visual Studio Version 17
VisualStudioVersion = 17.7.34031.279
MinimumVisualStudioVersion = 10.0.40219.1
Project("{FAE04EC0-301F-11D3-BF4B-00C04F79EFBC}") = "Lab2(2)", "Lab2(2)\Lab2(2).csproj", "{A57621ED-21D0-413E-A2FC-B6991F670327}"
EndProject
Global
	GlobalSection(SolutionConfigurationPlatforms) = preSolution
		Debug|Any CPU = Debug|Any CPU
		Release|Any CPU = Release|Any CPU
	EndGlobalSection
	GlobalSection(ProjectConfigurationPlatforms) = postSolution
		{A57621ED-21D0-413E-A2FC-B6991F670327}.Debug|Any CPU.ActiveCfg = Debug|Any CPU
		{A57621ED-21D0-413E-A2FC-B6991F670327}.Debug|Any CPU.Build.0 = Debug|Any CPU
		{A57621ED-21D0-413E-A2FC-B6991F670327}.Release|Any CPU.ActiveCfg = Release|Any CPU
		{A57621ED-21D0-413E-A2FC-B6991F670327}.Release|Any CPU.Build.0 = Release|Any CPU
	EndGlobalSection
	GlobalSection(SolutionProperties) = preSolution
		HideSolutionNode = FALSE
	EndGlobalSection
	GlobalSection(ExtensibilityGlobals) = postSolution
		SolutionGuid = {D047BE43-F5DF-466A-BCB5-3A79498DF67A}
	EndGlobalSection
EndGlobal
